
Microsoft Visual Studio Solution File, Format Version 12.00
# Visual Studio Version 17
VisualStudioVersion = 17.14.37111.16 d17.14
MinimumVisualStudioVersion = 10.0.40219.1
Project("{FAE04EC0-301F-11D3-BF4B-00C04F79EFBC}") = "ClothingStore", "ClothingStore\ClothingStore.csproj", "{3F6F9808-B032-49DB-BC67-7697834AD65A}"
EndProject
Global
	GlobalSection(SolutionConfigurationPlatforms) = preSolution
		Debug|Any CPU = Debug|Any CPU
		Release|Any CPU = Release|Any CPU
	EndGlobalSection
	GlobalSection(ProjectConfigurationPlatforms) = postSolution
		{3F6F9808-B032-49DB-BC67-7697834AD65A}.Debug|Any CPU.ActiveCfg = Debug|Any CPU
		{3F6F9808-B032-49DB-BC67-7697834AD65A}.Debug|Any CPU.Build.0 = Debug|Any CPU
		{3F6F9808-B032-49DB-BC67-7697834AD65A}.Release|Any CPU.ActiveCfg = Release|Any CPU
		{3F6F9808-B032-49DB-BC67-7697834AD65A}.Release|Any CPU.Build.0 = Release|Any CPU
	EndGlobalSection
	GlobalSection(SolutionProperties) = preSolution
		HideSolutionNode = FALSE
	EndGlobalSection
	GlobalSection(ExtensibilityGlobals) = postSolution
		SolutionGuid = {E15EBAFE-7AF0-4F08-BFCA-412799027D68}
	EndGlobalSection
EndGlobal
